
Microsoft Visual Studio Solution File, Format Version 12.00
# Visual Studio Version 16
VisualStudioVersion = 16.0.33328.57
MinimumVisualStudioVersion = 10.0.40219.1
Project("{E24C65DC-7377-472B-9ABA-BC803B73C61A}") = "Html5-SimpleTamplate (33)", "..\..\..\..\Downloads\Html5-SimpleTamplate (33)\", "{9FE2B25B-7638-46D7-AAE7-EC5D38D9CA51}"
	ProjectSection(WebsiteProperties) = preProject
		TargetFrameworkMoniker = ".NETFramework,Version%3Dv4.0"
		Debug.AspNetCompiler.VirtualPath = "/localhost_57513"
		Debug.AspNetCompiler.PhysicalPath = "..\..\..\Downloads\Html5-SimpleTamplate (33)\"
		Debug.AspNetCompiler.TargetPath = "PrecompiledWeb\localhost_57513\"
		Debug.AspNetCompiler.Updateable = "true"
		Debug.AspNetCompiler.ForceOverwrite = "true"
		Debug.AspNetCompiler.FixedNames = "false"
		Debug.AspNetCompiler.Debug = "True"
		Release.AspNetCompiler.VirtualPath = "/localhost_57513"
		Release.AspNetCompiler.PhysicalPath = "..\..\..\Downloads\Html5-SimpleTamplate (33)\"
		Release.AspNetCompiler.TargetPath = "PrecompiledWeb\localhost_57513\"
		Release.AspNetCompiler.Updateable = "true"
		Release.AspNetCompiler.ForceOverwrite = "true"
		Release.AspNetCompiler.FixedNames = "false"
		Release.AspNetCompiler.Debug = "False"
		VWDPort = "57513"
	EndProjectSection
EndProject
Global
	GlobalSection(SolutionConfigurationPlatforms) = preSolution
		Debug|Any CPU = Debug|Any CPU
	EndGlobalSection
	GlobalSection(ProjectConfigurationPlatforms) = postSolution
		{9FE2B25B-7638-46D7-AAE7-EC5D38D9CA51}.Debug|Any CPU.ActiveCfg = Debug|Any CPU
		{9FE2B25B-7638-46D7-AAE7-EC5D38D9CA51}.Debug|Any CPU.Build.0 = Debug|Any CPU
	EndGlobalSection
	GlobalSection(SolutionProperties) = preSolution
		HideSolutionNode = FALSE
	EndGlobalSection
	GlobalSection(ExtensibilityGlobals) = postSolution
		SolutionGuid = {7736073A-03A8-4923-B7ED-23214C149CB5}
	EndGlobalSection
EndGlobal
